<Solution>
  <Folder Name="/Hierarchy.Backend/">
    <Project Path="GeometricFigures.Backend/GeometricFigures.Backend.csproj" Id="d58c3a9d-0396-4731-99b6-58220ac32ffb" />
  </Folder>
  <Folder Name="/Hierarchy.Frontend/">
    <Project Path="HierarchyApp.Frontend/HierarchyApp.Frontend.csproj" Id="1df1319e-a8bc-4b48-b5b2-4df35c75f08e" />
  </Folder>
</Solution>
